{
  "name": "manufacturing-document-qa-runtime",
  "lockfileVersion": 3,
  "requires": true,
  "packages": {
    "": {
      "name": "manufacturing-document-qa-runtime",
      "dependencies": {
        "@napi-rs/canvas": "1.0.8",
        "jb2": "1.0.6",
        "pdfjs-dist": "6.2.108"
      },
      "engines": {
        "node": ">=22.13.0"
      }
    },
    "node_modules/@napi-rs/canvas": {
      "version": "1.0.8",
      "license": "MIT",
      "workspaces": [
        "e2e/*"
      ],
      "engines": {
        "node": ">= 10"
      },
      "funding": {
        "type": "github",
        "url": "https://github.com/sponsors/Brooooooklyn"
      },
      "optionalDependencies": {
        "@napi-rs/canvas-android-arm64": "1.0.8",
        "@napi-rs/canvas-darwin-arm64": "1.0.8",
        "@napi-rs/canvas-darwin-x64": "1.0.8",
        "@napi-rs/canvas-linux-arm-gnueabihf": "1.0.8",
        "@napi-rs/canvas-linux-arm64-gnu": "1.0.8",
        "@napi-rs/canvas-linux-arm64-musl": "1.0.8",
        "@napi-rs/canvas-linux-riscv64-gnu": "1.0.8",
        "@napi-rs/canvas-linux-x64-gnu": "1.0.8",
        "@napi-rs/canvas-linux-x64-musl": "1.0.8",
        "@napi-rs/canvas-win32-arm64-msvc": "1.0.8",
        "@napi-rs/canvas-win32-x64-msvc": "1.0.8"
      }
    },
    "node_modules/@napi-rs/canvas-win32-x64-msvc": {
      "version": "1.0.8",
      "cpu": [
        "x64"
      ],
      "license": "MIT",
      "optional": true,
      "os": [
        "win32"
      ],
      "engines": {
        "node": ">= 10"
      },
      "funding": {
        "type": "github",
        "url": "https://github.com/sponsors/Brooooooklyn"
      }
    },
    "node_modules/jb2": {
      "version": "1.0.6",
      "license": "Apache-2.0"
    },
    "node_modules/pdfjs-dist": {
      "version": "6.2.108",
      "license": "Apache-2.0",
      "engines": {
        "node": ">=22.13.0 || >=24"
      },
      "optionalDependencies": {
        "@napi-rs/canvas": "^1.0.0"
      }
    }
  }
}
